
Microsoft Visual Studio Solution File, Format Version 12.00
# Visual Studio 15
Project("{FAE04EC0-301F-11D3-BF4B-00C04F79EFBC}") = "Obi", "Obi.csproj", "{DF169AD3-97B5-FC18-DAAE-0F153F10C9B4}"
EndProject
Project("{FAE04EC0-301F-11D3-BF4B-00C04F79EFBC}") = "Assembly-CSharp", "Assembly-CSharp.csproj", "{A4C4948D-98D5-1F3E-7E6D-D542AB0470D7}"
EndProject
Project("{FAE04EC0-301F-11D3-BF4B-00C04F79EFBC}") = "Obi.Editor", "Obi.Editor.csproj", "{B6F28A23-754C-2BD9-0873-60804FA377E4}"
EndProject
Global
	GlobalSection(SolutionConfigurationPlatforms) = preSolution
		Debug|Any CPU = Debug|Any CPU
		Release|Any CPU = Release|Any CPU
	EndGlobalSection
	GlobalSection(ProjectConfigurationPlatforms) = postSolution
		{DF169AD3-97B5-FC18-DAAE-0F153F10C9B4}.Debug|Any CPU.ActiveCfg = Debug|Any CPU
		{DF169AD3-97B5-FC18-DAAE-0F153F10C9B4}.Debug|Any CPU.Build.0 = Debug|Any CPU
		{DF169AD3-97B5-FC18-DAAE-0F153F10C9B4}.Release|Any CPU.ActiveCfg = Release|Any CPU
		{DF169AD3-97B5-FC18-DAAE-0F153F10C9B4}.Release|Any CPU.Build.0 = Release|Any CPU
		{A4C4948D-98D5-1F3E-7E6D-D542AB0470D7}.Debug|Any CPU.ActiveCfg = Debug|Any CPU
		{A4C4948D-98D5-1F3E-7E6D-D542AB0470D7}.Debug|Any CPU.Build.0 = Debug|Any CPU
		{A4C4948D-98D5-1F3E-7E6D-D542AB0470D7}.Release|Any CPU.ActiveCfg = Release|Any CPU
		{A4C4948D-98D5-1F3E-7E6D-D542AB0470D7}.Release|Any CPU.Build.0 = Release|Any CPU
		{B6F28A23-754C-2BD9-0873-60804FA377E4}.Debug|Any CPU.ActiveCfg = Debug|Any CPU
		{B6F28A23-754C-2BD9-0873-60804FA377E4}.Debug|Any CPU.Build.0 = Debug|Any CPU
		{B6F28A23-754C-2BD9-0873-60804FA377E4}.Release|Any CPU.ActiveCfg = Release|Any CPU
		{B6F28A23-754C-2BD9-0873-60804FA377E4}.Release|Any CPU.Build.0 = Release|Any CPU
	EndGlobalSection
	GlobalSection(SolutionProperties) = preSolution
		HideSolutionNode = FALSE
	EndGlobalSection
EndGlobal
